
Microsoft Visual Studio Solution File, Format Version 12.00
Project("{FAE04EC0-301F-11D3-BF4B-00C04F79EFBC}") = "ChatGPT.Net", "ChatGPT.Net\ChatGPT.Net.csproj", "{EFFFF53D-219F-48E1-87D2-4ABA130CC37F}"
EndProject
Project("{FAE04EC0-301F-11D3-BF4B-00C04F79EFBC}") = "ChatGPT.Console", "ChatGPT.Console\ChatGPT.Console.csproj", "{677A2D4D-2EDA-4C84-8456-3CDEE6BFB4E7}"
EndProject
Global
	GlobalSection(SolutionConfigurationPlatforms) = preSolution
		Debug|Any CPU = Debug|Any CPU
		Release|Any CPU = Release|Any CPU
	EndGlobalSection
	GlobalSection(ProjectConfigurationPlatforms) = postSolution
		{EFFFF53D-219F-48E1-87D2-4ABA130CC37F}.Debug|Any CPU.ActiveCfg = Debug|Any CPU
		{EFFFF53D-219F-48E1-87D2-4ABA130CC37F}.Debug|Any CPU.Build.0 = Debug|Any CPU
		{EFFFF53D-219F-48E1-87D2-4ABA130CC37F}.Release|Any CPU.ActiveCfg = Release|Any CPU
		{EFFFF53D-219F-48E1-87D2-4ABA130CC37F}.Release|Any CPU.Build.0 = Release|Any CPU
		{677A2D4D-2EDA-4C84-8456-3CDEE6BFB4E7}.Debug|Any CPU.ActiveCfg = Debug|Any CPU
		{677A2D4D-2EDA-4C84-8456-3CDEE6BFB4E7}.Debug|Any CPU.Build.0 = Debug|Any CPU
		{677A2D4D-2EDA-4C84-8456-3CDEE6BFB4E7}.Release|Any CPU.ActiveCfg = Release|Any CPU
		{677A2D4D-2EDA-4C84-8456-3CDEE6BFB4E7}.Release|Any CPU.Build.0 = Release|Any CPU
	EndGlobalSection
EndGlobal
